<?xml version="1.0" encoding="utf-8"?>
<Project ToolsVersion="4.0" xmlns="http://schemas.microsoft.com/developer/msbuild/2003">
  <ItemGroup>
    <Filter Include="Source Files">
      <UniqueIdentifier>{4FC737F1-C7A5-4376-A066-2A32D752A2FF}</UniqueIdentifier>
      <Extensions>cpp;c;cc;cxx;def;odl;idl;hpj;bat;asm;asmx</Extensions>
    </Filter>
    <Filter Include="Header Files">
      <UniqueIdentifier>{93995380-89BD-4b04-88EB-625FBE52EBFB}</UniqueIdentifier>
      <Extensions>h;hh;hpp;hxx;hm;inl;inc;ipp;xsd</Extensions>
    </Filter>
    <Filter Include="Resource Files">
      <UniqueIdentifier>{67DA6AB6-F800-4c08-8B7A-83BB121AAD01}</UniqueIdentifier>
      <Extensions>rc;ico;cur;bmp;dlg;rc2;rct;bin;rgs;gif;jpg;jpeg;jpe;resx;tiff;tif;png;wav;mfcribbon-ms</Extensions>
    </Filter>
    <Filter Include="Header Files\Game">
      <UniqueIdentifier>{e21c4b57-d837-4b9d-acfb-af10428dcca6}</UniqueIdentifier>
    </Filter>
    <Filter Include="Source Files\Game">
      <UniqueIdentifier>{671086b4-ef86-4c70-bca0-e6a955101028}</UniqueIdentifier>
    </Filter>
    <Filter Include="Source Files\Game\Editor">
      <UniqueIdentifier>{d3abcc33-2972-421f-86f7-92da61f364e8}</UniqueIdentifier>
    </Filter>
    <Filter Include="Header Files\Game\Editor">
      <UniqueIdentifier>{f6956ca7-1d3e-4aff-b730-d2e0aed12d22}</UniqueIdentifier>
    </Filter>
  </ItemGroup>
  <ItemGroup>
    <ClInclude Include="pch.h">
      <Filter>Header Files</Filter>
    </ClInclude>
    <ClInclude Include="ConnectCommand.h">
      <Filter>Header Files\Game</Filter>
    </ClInclude>
    <ClInclude Include="OnlinePlayerLC.h">
      <Filter>Header Files\Game</Filter>
    </ClInclude>
    <ClInclude Include="Client.h">
      <Filter>Header Files\Game</Filter>
    </ClInclude>
    <ClInclude Include="PlayerGC.h">
      <Filter>Header Files\Game</Filter>
    </ClInclude>
    <ClInclude Include="PlayerCam.h">
      <Filter>Header Files\Game</Filter>
    </ClInclude>
    <ClInclude Include="HeadCommand.h">
      <Filter>Header Files\Game</Filter>
    </ClInclude>
    <ClInclude Include="HeadParticleLC.h">
      <Filter>Header Files\Game</Filter>
    </ClInclude>
    <ClInclude Include="ZombieGC.h">
      <Filter>Header Files\Game</Filter>
    </ClInclude>
    <ClInclude Include="StartCommand.h">
      <Filter>Header Files\Game</Filter>
    </ClInclude>
    <ClInclude Include="Game.h">
      <Filter>Header Files\Game</Filter>
    </ClInclude>
    <ClInclude Include="SpawnZombieCommand.h">
      <Filter>Header Files\Game</Filter>
    </ClInclude>
    <ClInclude Include="KillCommand.h">
      <Filter>Header Files\Game</Filter>
    </ClInclude>
    <ClInclude Include="HealthPickupGC.h">
      <Filter>Header Files\Game</Filter>
    </ClInclude>
    <ClInclude Include="FrameByFrameCommand.h">
      <Filter>Header Files\Game</Filter>
    </ClInclude>
    <ClInclude Include="AttackSpeedCommand.h">
      <Filter>Header Files\Game</Filter>
    </ClInclude>
    <ClInclude Include="MoveSpeedCommand.h">
      <Filter>Header Files\Game</Filter>
    </ClInclude>
    <ClInclude Include="WeaponCommand.h">
      <Filter>Header Files\Game</Filter>
    </ClInclude>
    <ClInclude Include="VelocityCommand.h">
      <Filter>Header Files\Game</Filter>
    </ClInclude>
    <ClInclude Include="EditableColliderGC.h">
      <Filter>Header Files\Game\Editor</Filter>
    </ClInclude>
    <ClInclude Include="EditableSystem.h">
      <Filter>Header Files\Game\Editor</Filter>
    </ClInclude>
    <ClInclude Include="EditorCam.h">
      <Filter>Header Files\Game\Editor</Filter>
    </ClInclude>
    <ClInclude Include="SaveStageCommand.h">
      <Filter>Header Files\Game\Editor</Filter>
    </ClInclude>
    <ClInclude Include="LoadStageCommand.h">
      <Filter>Header Files\Game\Editor</Filter>
    </ClInclude>
    <ClInclude Include="EditableStageComponent.h">
      <Filter>Header Files\Game\Editor</Filter>
    </ClInclude>
    <ClInclude Include="ClientPlayerSystem.h">
      <Filter>Header Files\Game</Filter>
    </ClInclude>
    <ClInclude Include="ClientPlayerComponent.h">
      <Filter>Header Files\Game</Filter>
    </ClInclude>
  </ItemGroup>
  <ItemGroup>
    <ClCompile Include="pch.cpp">
      <Filter>Source Files</Filter>
    </ClCompile>
    <ClCompile Include="ConnectCommand.cpp">
      <Filter>Source Files\Game</Filter>
    </ClCompile>
    <ClCompile Include="OnlinePlayerLC.cpp">
      <Filter>Source Files\Game</Filter>
    </ClCompile>
    <ClCompile Include="Client.cpp">
      <Filter>Source Files\Game</Filter>
    </ClCompile>
    <ClCompile Include="Stabby.cpp">
      <Filter>Source Files\Game</Filter>
    </ClCompile>
    <ClCompile Include="PlayerGC.cpp">
      <Filter>Source Files\Game</Filter>
    </ClCompile>
    <ClCompile Include="PlayerCam.cpp">
      <Filter>Source Files\Game</Filter>
    </ClCompile>
    <ClCompile Include="HeadParticleLC.cpp">
      <Filter>Source Files\Game</Filter>
    </ClCompile>
    <ClCompile Include="HeadCommand.cpp">
      <Filter>Source Files\Game</Filter>
    </ClCompile>
    <ClCompile Include="Game.cpp">
      <Filter>Source Files\Game</Filter>
    </ClCompile>
    <ClCompile Include="StartCommand.cpp">
      <Filter>Source Files\Game</Filter>
    </ClCompile>
    <ClCompile Include="ZombieGC.cpp">
      <Filter>Source Files\Game</Filter>
    </ClCompile>
    <ClCompile Include="KillCommand.cpp">
      <Filter>Source Files\Game</Filter>
    </ClCompile>
    <ClCompile Include="SpawnZombieCommand.cpp">
      <Filter>Source Files\Game</Filter>
    </ClCompile>
    <ClCompile Include="HealthPickupGC.cpp">
      <Filter>Source Files\Game</Filter>
    </ClCompile>
    <ClCompile Include="AttackSpeedCommand.cpp">
      <Filter>Source Files\Game</Filter>
    </ClCompile>
    <ClCompile Include="FrameByFrameCommand.cpp">
      <Filter>Source Files\Game</Filter>
    </ClCompile>
    <ClCompile Include="MoveSpeedCommand.cpp">
      <Filter>Source Files\Game</Filter>
    </ClCompile>
    <ClCompile Include="WeaponCommand.cpp">
      <Filter>Source Files\Game</Filter>
    </ClCompile>
    <ClCompile Include="VelocityCommand.cpp">
      <Filter>Source Files</Filter>
    </ClCompile>
    <ClCompile Include="EditableColliderGC.cpp">
      <Filter>Source Files\Game\Editor</Filter>
    </ClCompile>
    <ClCompile Include="EditableSystem.cpp">
      <Filter>Source Files\Game\Editor</Filter>
    </ClCompile>
    <ClCompile Include="EditorCam.cpp">
      <Filter>Source Files\Game\Editor</Filter>
    </ClCompile>
    <ClCompile Include="LoadStageCommand.cpp">
      <Filter>Source Files\Game\Editor</Filter>
    </ClCompile>
    <ClCompile Include="SaveStageCommand.cpp">
      <Filter>Source Files\Game\Editor</Filter>
    </ClCompile>
    <ClCompile Include="EditableStageComponent.cpp">
      <Filter>Source Files\Game\Editor</Filter>
    </ClCompile>
    <ClCompile Include="ClientPlayerComponent.cpp">
      <Filter>Source Files\Game</Filter>
    </ClCompile>
    <ClCompile Include="ClientPlayerSystem.cpp">
      <Filter>Source Files\Game</Filter>
    </ClCompile>
  </ItemGroup>
</Project>